
Microsoft Visual Studio Solution File, Format Version 12.00
# Visual Studio 2012
Project("{FAE04EC0-301F-11D3-BF4B-00C04F79EFBC}") = "KKAzureTrainingSite", "KKAzureTrainingSite\KKAzureTrainingSite.csproj", "{8AF54229-B6D7-463A-A587-609379A67B29}"
EndProject
Global
	GlobalSection(SolutionConfigurationPlatforms) = preSolution
		Debug|Any CPU = Debug|Any CPU
		Release|Any CPU = Release|Any CPU
	EndGlobalSection
	GlobalSection(ProjectConfigurationPlatforms) = postSolution
		{8AF54229-B6D7-463A-A587-609379A67B29}.Debug|Any CPU.ActiveCfg = Debug|Any CPU
		{8AF54229-B6D7-463A-A587-609379A67B29}.Debug|Any CPU.Build.0 = Debug|Any CPU
		{8AF54229-B6D7-463A-A587-609379A67B29}.Release|Any CPU.ActiveCfg = Release|Any CPU
		{8AF54229-B6D7-463A-A587-609379A67B29}.Release|Any CPU.Build.0 = Release|Any CPU
	EndGlobalSection
	GlobalSection(SolutionProperties) = preSolution
		HideSolutionNode = FALSE
	EndGlobalSection
EndGlobal
